// !$*UTF8*$!
{
	archiveVersion = 1;
	classes = {
	};
	objectVersion = 56;
	objects = {

/* Begin PBXBuildFile section */
		02A42AEF2AFA9363005C9F64 /* ExampleProjectApp.swift in Sources */ = {isa = PBXBuildFile; fileRef = 02A42AEE2AFA9363005C9F64 /* ExampleProjectApp.swift */; };
		02A42AF12AFA9363005C9F64 /* HomeView.swift in Sources */ = {isa = PBXBuildFile; fileRef = 02A42AF02AFA9363005C9F64 /* HomeView.swift */; };
		02A42AF32AFA9364005C9F64 /* Assets.xcassets in Resources */ = {isa = PBXBuildFile; fileRef = 02A42AF22AFA9364005C9F64 /* Assets.xcassets */; };
		02A42AF62AFA9364005C9F64 /* Preview Assets.xcassets in Resources */ = {isa = PBXBuildFile; fileRef = 02A42AF52AFA9364005C9F64 /* Preview Assets.xcassets */; };
		02A42B002AFA9364005C9F64 /* ExampleProjectTests.swift in Sources */ = {isa = PBXBuildFile; fileRef = 02A42AFF2AFA9364005C9F64 /* ExampleProjectTests.swift */; };
		02A42B0A2AFA9364005C9F64 /* ExampleProjectUITests.swift in Sources */ = {isa = PBXBuildFile; fileRef = 02A42B092AFA9364005C9F64 /* ExampleProjectUITests.swift */; };
		02A42B0C2AFA9364005C9F64 /* ExampleProjectUITestsLaunchTests.swift in Sources */ = {isa = PBXBuildFile; fileRef = 02A42B0B2AFA9364005C9F64 /* ExampleProjectUITestsLaunchTests.swift */; };
		02A42B1B2AFA9551005C9F64 /* HomeContentView.swift in Sources */ = {isa = PBXBuildFile; fileRef = 02A42B1A2AFA9551005C9F64 /* HomeContentView.swift */; };
		02A42B1E2AFD017A005C9F64 /* MenuView.swift in Sources */ = {isa = PBXBuildFile; fileRef = 02A42B1D2AFD017A005C9F64 /* MenuView.swift */; };
		02A42B202AFD0FB5005C9F64 /* MenuViewModel.swift in Sources */ = {isa = PBXBuildFile; fileRef = 02A42B1F2AFD0FB5005C9F64 /* MenuViewModel.swift */; };
/* End PBXBuildFile section */

/* Begin PBXContainerItemProxy section */
		02A42AFC2AFA9364005C9F64 /* PBXContainerItemProxy */ = {
			isa = PBXContainerItemProxy;
			containerPortal = 02A42AE32AFA9363005C9F64 /* Project object */;
			proxyType = 1;
			remoteGlobalIDString = 02A42AEA2AFA9363005C9F64;
			remoteInfo = ExampleProject;
		};
		02A42B062AFA9364005C9F64 /* PBXContainerItemProxy */ = {
			isa = PBXContainerItemProxy;
			containerPortal = 02A42AE32AFA9363005C9F64 /* Project object */;
			proxyType = 1;
			remoteGlobalIDString = 02A42AEA2AFA9363005C9F64;
			remoteInfo = ExampleProject;
		};
/* End PBXContainerItemProxy section */

/* Begin PBXFileReference section */
		02A42AEB2AFA9363005C9F64 /* ExampleProject.app */ = {isa = PBXFileReference; explicitFileType = wrapper.application; includeInIndex = 0; path = ExampleProject.app; sourceTree = BUILT_PRODUCTS_DIR; };
		02A42AEE2AFA9363005C9F64 /* ExampleProjectApp.swift */ = {isa = PBXFileReference; lastKnownFileType = sourcecode.swift; path = ExampleProjectApp.swift; sourceTree = "<group>"; };
		02A42AF02AFA9363005C9F64 /* HomeView.swift */ = {isa = PBXFileReference; lastKnownFileType = sourcecode.swift; path = HomeView.swift; sourceTree = "<group>"; };
		02A42AF22AFA9364005C9F64 /* Assets.xcassets */ = {isa = PBXFileReference; lastKnownFileType = folder.assetcatalog; path = Assets.xcassets; sourceTree = "<group>"; };
		02A42AF52AFA9364005C9F64 /* Preview Assets.xcassets */ = {isa = PBXFileReference; lastKnownFileType = folder.assetcatalog; path = "Preview Assets.xcassets"; sourceTree = "<group>"; };
		02A42AFB2AFA9364005C9F64 /* ExampleProjectTests.xctest */ = {isa = PBXFileReference; explicitFileType = wrapper.cfbundle; includeInIndex = 0; path = ExampleProjectTests.xctest; sourceTree = BUILT_PRODUCTS_DIR; };
		02A42AFF2AFA9364005C9F64 /* ExampleProjectTests.swift */ = {isa = PBXFileReference; lastKnownFileType = sourcecode.swift; path = ExampleProjectTests.swift; sourceTree = "<group>"; };
		02A42B052AFA9364005C9F64 /* ExampleProjectUITests.xctest */ = {isa = PBXFileReference; explicitFileType = wrapper.cfbundle; includeInIndex = 0; path = ExampleProjectUITests.xctest; sourceTree = BUILT_PRODUCTS_DIR; };
		02A42B092AFA9364005C9F64 /* ExampleProjectUITests.swift */ = {isa = PBXFileReference; lastKnownFileType = sourcecode.swift; path = ExampleProjectUITests.swift; sourceTree = "<group>"; };
		02A42B0B2AFA9364005C9F64 /* ExampleProjectUITestsLaunchTests.swift */ = {isa = PBXFileReference; lastKnownFileType = sourcecode.swift; path = ExampleProjectUITestsLaunchTests.swift; sourceTree = "<group>"; };
		02A42B1A2AFA9551005C9F64 /* HomeContentView.swift */ = {isa = PBXFileReference; lastKnownFileType = sourcecode.swift; path = HomeContentView.swift; sourceTree = "<group>"; };
		02A42B1D2AFD017A005C9F64 /* MenuView.swift */ = {isa = PBXFileReference; lastKnownFileType = sourcecode.swift; path = MenuView.swift; sourceTree = "<group>"; };
		02A42B1F2AFD0FB5005C9F64 /* MenuViewModel.swift */ = {isa = PBXFileReference; lastKnownFileType = sourcecode.swift; path = MenuViewModel.swift; sourceTree = "<group>"; };
/* End PBXFileReference section */

/* Begin PBXFrameworksBuildPhase section */
		02A42AE82AFA9363005C9F64 /* Frameworks */ = {
			isa = PBXFrameworksBuildPhase;
			buildActionMask = 2147483647;
			files = (
			);
			runOnlyForDeploymentPostprocessing = 0;
		};
		02A42AF82AFA9364005C9F64 /* Frameworks */ = {
			isa = PBXFrameworksBuildPhase;
			buildActionMask = 2147483647;
			files = (
			);
			runOnlyForDeploymentPostprocessing = 0;
		};
		02A42B022AFA9364005C9F64 /* Frameworks */ = {
			isa = PBXFrameworksBuildPhase;
			buildActionMask = 2147483647;
			files = (
			);
			runOnlyForDeploymentPostprocessing = 0;
		};
/* End PBXFrameworksBuildPhase section */

/* Begin PBXGroup section */
		02A42AE22AFA9363005C9F64 = {
			isa = PBXGroup;
			children = (
				02A42AED2AFA9363005C9F64 /* ExampleProject */,
				02A42AFE2AFA9364005C9F64 /* ExampleProjectTests */,
				02A42B082AFA9364005C9F64 /* ExampleProjectUITests */,
				02A42AEC2AFA9363005C9F64 /* Products */,
			);
			sourceTree = "<group>";
		};
		02A42AEC2AFA9363005C9F64 /* Products */ = {
			isa = PBXGroup;
			children = (
				02A42AEB2AFA9363005C9F64 /* ExampleProject.app */,
				02A42AFB2AFA9364005C9F64 /* ExampleProjectTests.xctest */,
				02A42B052AFA9364005C9F64 /* ExampleProjectUITests.xctest */,
			);
			name = Products;
			sourceTree = "<group>";
		};
		02A42AED2AFA9363005C9F64 /* ExampleProject */ = {
			isa = PBXGroup;
			children = (
				02A42B1C2AFD0165005C9F64 /* Menu */,
				02A42AEE2AFA9363005C9F64 /* ExampleProjectApp.swift */,
				02A42B182AFA9516005C9F64 /* Home */,
				02A42AF22AFA9364005C9F64 /* Assets.xcassets */,
				02A42AF42AFA9364005C9F64 /* Preview Content */,
			);
			path = ExampleProject;
			sourceTree = "<group>";
		};
		02A42AF42AFA9364005C9F64 /* Preview Content */ = {
			isa = PBXGroup;
			children = (
				02A42AF52AFA9364005C9F64 /* Preview Assets.xcassets */,
			);
			path = "Preview Content";
			sourceTree = "<group>";
		};
		02A42AFE2AFA9364005C9F64 /* ExampleProjectTests */ = {
			isa = PBXGroup;
			children = (
				02A42AFF2AFA9364005C9F64 /* ExampleProjectTests.swift */,
			);
			path = ExampleProjectTests;
			sourceTree = "<group>";
		};
		02A42B082AFA9364005C9F64 /* ExampleProjectUITests */ = {
			isa = PBXGroup;
			children = (
				02A42B092AFA9364005C9F64 /* ExampleProjectUITests.swift */,
				02A42B0B2AFA9364005C9F64 /* ExampleProjectUITestsLaunchTests.swift */,
			);
			path = ExampleProjectUITests;
			sourceTree = "<group>";
		};
		02A42B182AFA9516005C9F64 /* Home */ = {
			isa = PBXGroup;
			children = (
				02A42B192AFA951B005C9F64 /* SubViews */,
				02A42AF02AFA9363005C9F64 /* HomeView.swift */,
			);
			path = Home;
			sourceTree = "<group>";
		};
		02A42B192AFA951B005C9F64 /* SubViews */ = {
			isa = PBXGroup;
			children = (
				02A42B1A2AFA9551005C9F64 /* HomeContentView.swift */,
			);
			path = SubViews;
			sourceTree = "<group>";
		};
		02A42B1C2AFD0165005C9F64 /* Menu */ = {
			isa = PBXGroup;
			children = (
				02A42B1D2AFD017A005C9F64 /* MenuView.swift */,
				02A42B1F2AFD0FB5005C9F64 /* MenuViewModel.swift */,
			);
			path = Menu;
			sourceTree = "<group>";
		};
/* End PBXGroup section */

/* Begin PBXNativeTarget section */
		02A42AEA2AFA9363005C9F64 /* ExampleProject */ = {
			isa = PBXNativeTarget;
			buildConfigurationList = 02A42B0F2AFA9364005C9F64 /* Build configuration list for PBXNativeTarget "ExampleProject" */;
			buildPhases = (
				02A42AE72AFA9363005C9F64 /* Sources */,
				02A42AE82AFA9363005C9F64 /* Frameworks */,
				02A42AE92AFA9363005C9F64 /* Resources */,
			);
			buildRules = (
			);
			dependencies = (
			);
			name = ExampleProject;
			productName = ExampleProject;
			productReference = 02A42AEB2AFA9363005C9F64 /* ExampleProject.app */;
			productType = "com.apple.product-type.application";
		};
		02A42AFA2AFA9364005C9F64 /* ExampleProjectTests */ = {
			isa = PBXNativeTarget;
			buildConfigurationList = 02A42B122AFA9364005C9F64 /* Build configuration list for PBXNativeTarget "ExampleProjectTests" */;
			buildPhases = (
				02A42AF72AFA9364005C9F64 /* Sources */,
				02A42AF82AFA9364005C9F64 /* Frameworks */,
				02A42AF92AFA9364005C9F64 /* Resources */,
			);
			buildRules = (
			);
			dependencies = (
				02A42AFD2AFA9364005C9F64 /* PBXTargetDependency */,
			);
			name = ExampleProjectTests;
			productName = ExampleProjectTests;
			productReference = 02A42AFB2AFA9364005C9F64 /* ExampleProjectTests.xctest */;
			productType = "com.apple.product-type.bundle.unit-test";
		};
		02A42B042AFA9364005C9F64 /* ExampleProjectUITests */ = {
			isa = PBXNativeTarget;
			buildConfigurationList = 02A42B152AFA9364005C9F64 /* Build configuration list for PBXNativeTarget "ExampleProjectUITests" */;
			buildPhases = (
				02A42B012AFA9364005C9F64 /* Sources */,
				02A42B022AFA9364005C9F64 /* Frameworks */,
				02A42B032AFA9364005C9F64 /* Resources */,
			);
			buildRules = (
			);
			dependencies = (
				02A42B072AFA9364005C9F64 /* PBXTargetDependency */,
			);
			name = ExampleProjectUITests;
			productName = ExampleProjectUITests;
			productReference = 02A42B052AFA9364005C9F64 /* ExampleProjectUITests.xctest */;
			productType = "com.apple.product-type.bundle.ui-testing";
		};
/* End PBXNativeTarget section */

/* Begin PBXProject section */
		02A42AE32AFA9363005C9F64 /* Project object */ = {
			isa = PBXProject;
			attributes = {
				BuildIndependentTargetsInParallel = 1;
				LastSwiftUpdateCheck = 1500;
				LastUpgradeCheck = 1500;
				TargetAttributes = {
					02A42AEA2AFA9363005C9F64 = {
						CreatedOnToolsVersion = 15.0;
					};
					02A42AFA2AFA9364005C9F64 = {
						CreatedOnToolsVersion = 15.0;
						TestTargetID = 02A42AEA2AFA9363005C9F64;
					};
					02A42B042AFA9364005C9F64 = {
						CreatedOnToolsVersion = 15.0;
						TestTargetID = 02A42AEA2AFA9363005C9F64;
					};
				};
			};
			buildConfigurationList = 02A42AE62AFA9363005C9F64 /* Build configuration list for PBXProject "ExampleProject" */;
			compatibilityVersion = "Xcode 14.0";
			developmentRegion = en;
			hasScannedForEncodings = 0;
			knownRegions = (
				en,
				Base,
			);
			mainGroup = 02A42AE22AFA9363005C9F64;
			productRefGroup = 02A42AEC2AFA9363005C9F64 /* Products */;
			projectDirPath = "";
			projectRoot = "";
			targets = (
				02A42AEA2AFA9363005C9F64 /* ExampleProject */,
				02A42AFA2AFA9364005C9F64 /* ExampleProjectTests */,
				02A42B042AFA9364005C9F64 /* ExampleProjectUITests */,
			);
		};
/* End PBXProject section */

/* Begin PBXResourcesBuildPhase section */
		02A42AE92AFA9363005C9F64 /* Resources */ = {
			isa = PBXResourcesBuildPhase;
			buildActionMask = 2147483647;
			files = (
				02A42AF62AFA9364005C9F64 /* Preview Assets.xcassets in Resources */,
				02A42AF32AFA9364005C9F64 /* Assets.xcassets in Resources */,
			);
			runOnlyForDeploymentPostprocessing = 0;
		};
		02A42AF92AFA9364005C9F64 /* Resources */ = {
			isa = PBXResourcesBuildPhase;
			buildActionMask = 2147483647;
			files = (
			);
			runOnlyForDeploymentPostprocessing = 0;
		};
		02A42B032AFA9364005C9F64 /* Resources */ = {
			isa = PBXResourcesBuildPhase;
			buildActionMask = 2147483647;
			files = (
			);
			runOnlyForDeploymentPostprocessing = 0;
		};
/* End PBXResourcesBuildPhase section */

/* Begin PBXSourcesBuildPhase section */
		02A42AE72AFA9363005C9F64 /* Sources */ = {
			isa = PBXSourcesBuildPhase;
			buildActionMask = 2147483647;
			files = (
				02A42B1B2AFA9551005C9F64 /* HomeContentView.swift in Sources */,
				02A42B1E2AFD017A005C9F64 /* MenuView.swift in Sources */,
				02A42AF12AFA9363005C9F64 /* HomeView.swift in Sources */,
				02A42B202AFD0FB5005C9F64 /* MenuViewModel.swift in Sources */,
				02A42AEF2AFA9363005C9F64 /* ExampleProjectApp.swift in Sources */,
			);
			runOnlyForDeploymentPostprocessing = 0;
		};
		02A42AF72AFA9364005C9F64 /* Sources */ = {
			isa = PBXSourcesBuildPhase;
			buildActionMask = 2147483647;
			files = (
				02A42B002AFA9364005C9F64 /* ExampleProjectTests.swift in Sources */,
			);
			runOnlyForDeploymentPostprocessing = 0;
		};
		02A42B012AFA9364005C9F64 /* Sources */ = {
			isa = PBXSourcesBuildPhase;
			buildActionMask = 2147483647;
			files = (
				02A42B0A2AFA9364005C9F64 /* ExampleProjectUITests.swift in Sources */,
				02A42B0C2AFA9364005C9F64 /* ExampleProjectUITestsLaunchTests.swift in Sources */,
			);
			runOnlyForDeploymentPostprocessing = 0;
		};
/* End PBXSourcesBuildPhase section */

/* Begin PBXTargetDependency section */
		02A42AFD2AFA9364005C9F64 /* PBXTargetDependency */ = {
			isa = PBXTargetDependency;
			target = 02A42AEA2AFA9363005C9F64 /* ExampleProject */;
			targetProxy = 02A42AFC2AFA9364005C9F64 /* PBXContainerItemProxy */;
		};
		02A42B072AFA9364005C9F64 /* PBXTargetDependency */ = {
			isa = PBXTargetDependency;
			target = 02A42AEA2AFA9363005C9F64 /* ExampleProject */;
			targetProxy = 02A42B062AFA9364005C9F64 /* PBXContainerItemProxy */;
		};
/* End PBXTargetDependency section */

/* Begin XCBuildConfiguration section */
		02A42B0D2AFA9364005C9F64 /* Debug */ = {
			isa = XCBuildConfiguration;
			buildSettings = {
				ALWAYS_SEARCH_USER_PATHS = NO;
				ASSETCATALOG_COMPILER_GENERATE_SWIFT_ASSET_SYMBOL_EXTENSIONS = YES;
				CLANG_ANALYZER_NONNULL = YES;
				CLANG_ANALYZER_NUMBER_OBJECT_CONVERSION = YES_AGGRESSIVE;
				CLANG_CXX_LANGUAGE_STANDARD = "gnu++20";
				CLANG_ENABLE_MODULES = YES;
				CLANG_ENABLE_OBJC_ARC = YES;
				CLANG_ENABLE_OBJC_WEAK = YES;
				CLANG_WARN_BLOCK_CAPTURE_AUTORELEASING = YES;
				CLANG_WARN_BOOL_CONVERSION = YES;
				CLANG_WARN_COMMA = YES;
				CLANG_WARN_CONSTANT_CONVERSION = YES;
				CLANG_WARN_DEPRECATED_OBJC_IMPLEMENTATIONS = YES;
				CLANG_WARN_DIRECT_OBJC_ISA_USAGE = YES_ERROR;
				CLANG_WARN_DOCUMENTATION_COMMENTS = YES;
				CLANG_WARN_EMPTY_BODY = YES;
				CLANG_WARN_ENUM_CONVERSION = YES;
				CLANG_WARN_INFINITE_RECURSION = YES;
				CLANG_WARN_INT_CONVERSION = YES;
				CLANG_WARN_NON_LITERAL_NULL_CONVERSION = YES;
				CLANG_WARN_OBJC_IMPLICIT_RETAIN_SELF = YES;
				CLANG_WARN_OBJC_LITERAL_CONVERSION = YES;
				CLANG_WARN_OBJC_ROOT_CLASS = YES_ERROR;
				CLANG_WARN_QUOTED_INCLUDE_IN_FRAMEWORK_HEADER = YES;
				CLANG_WARN_RANGE_LOOP_ANALYSIS = YES;
				CLANG_WARN_STRICT_PROTOTYPES = YES;
				CLANG_WARN_SUSPICIOUS_MOVE = YES;
				CLANG_WARN_UNGUARDED_AVAILABILITY = YES_AGGRESSIVE;
				CLANG_WARN_UNREACHABLE_CODE = YES;
				CLANG_WARN__DUPLICATE_METHOD_MATCH = YES;
				COPY_PHASE_STRIP = NO;
				DEBUG_INFORMATION_FORMAT = dwarf;
				ENABLE_STRICT_OBJC_MSGSEND = YES;
				ENABLE_TESTABILITY = YES;
				ENABLE_USER_SCRIPT_SANDBOXING = YES;
				GCC_C_LANGUAGE_STANDARD = gnu17;
				GCC_DYNAMIC_NO_PIC = NO;
				GCC_NO_COMMON_BLOCKS = YES;
				GCC_OPTIMIZATION_LEVEL = 0;
				GCC_PREPROCESSOR_DEFINITIONS = (
					"DEBUG=1",
					"$(inherited)",
				);
				GCC_WARN_64_TO_32_BIT_CONVERSION = YES;
				GCC_WARN_ABOUT_RETURN_TYPE = YES_ERROR;
				GCC_WARN_UNDECLARED_SELECTOR = YES;
				GCC_WARN_UNINITIALIZED_AUTOS = YES_AGGRESSIVE;
				GCC_WARN_UNUSED_FUNCTION = YES;
				GCC_WARN_UNUSED_VARIABLE = YES;
				IPHONEOS_DEPLOYMENT_TARGET = 17.0;
				LOCALIZATION_PREFERS_STRING_CATALOGS = YES;
				MTL_ENABLE_DEBUG_INFO = INCLUDE_SOURCE;
				MTL_FAST_MATH = YES;
				ONLY_ACTIVE_ARCH = YES;
				SDKROOT = iphoneos;
				SWIFT_ACTIVE_COMPILATION_CONDITIONS = "DEBUG $(inherited)";
				SWIFT_OPTIMIZATION_LEVEL = "-Onone";
			};
			name = Debug;
		};
		02A42B0E2AFA9364005C9F64 /* Release */ = {
			isa = XCBuildConfiguration;
			buildSettings = {
				ALWAYS_SEARCH_USER_PATHS = NO;
				ASSETCATALOG_COMPILER_GENERATE_SWIFT_ASSET_SYMBOL_EXTENSIONS = YES;
				CLANG_ANALYZER_NONNULL = YES;
				CLANG_ANALYZER_NUMBER_OBJECT_CONVERSION = YES_AGGRESSIVE;
				CLANG_CXX_LANGUAGE_STANDARD = "gnu++20";
				CLANG_ENABLE_MODULES = YES;
				CLANG_ENABLE_OBJC_ARC = YES;
				CLANG_ENABLE_OBJC_WEAK = YES;
				CLANG_WARN_BLOCK_CAPTURE_AUTORELEASING = YES;
				CLANG_WARN_BOOL_CONVERSION = YES;
				CLANG_WARN_COMMA = YES;
				CLANG_WARN_CONSTANT_CONVERSION = YES;
				CLANG_WARN_DEPRECATED_OBJC_IMPLEMENTATIONS = YES;
				CLANG_WARN_DIRECT_OBJC_ISA_USAGE = YES_ERROR;
				CLANG_WARN_DOCUMENTATION_COMMENTS = YES;
				CLANG_WARN_EMPTY_BODY = YES;
				CLANG_WARN_ENUM_CONVERSION = YES;
				CLANG_WARN_INFINITE_RECURSION = YES;
				CLANG_WARN_INT_CONVERSION = YES;
				CLANG_WARN_NON_LITERAL_NULL_CONVERSION = YES;
				CLANG_WARN_OBJC_IMPLICIT_RETAIN_SELF = YES;
				CLANG_WARN_OBJC_LITERAL_CONVERSION = YES;
				CLANG_WARN_OBJC_ROOT_CLASS = YES_ERROR;
				CLANG_WARN_QUOTED_INCLUDE_IN_FRAMEWORK_HEADER = YES;
				CLANG_WARN_RANGE_LOOP_ANALYSIS = YES;
				CLANG_WARN_STRICT_PROTOTYPES = YES;
				CLANG_WARN_SUSPICIOUS_MOVE = YES;
				CLANG_WARN_UNGUARDED_AVAILABILITY = YES_AGGRESSIVE;
				CLANG_WARN_UNREACHABLE_CODE = YES;
				CLANG_WARN__DUPLICATE_METHOD_MATCH = YES;
				COPY_PHASE_STRIP = NO;
				DEBUG_INFORMATION_FORMAT = "dwarf-with-dsym";
				ENABLE_NS_ASSERTIONS = NO;
				ENABLE_STRICT_OBJC_MSGSEND = YES;
				ENABLE_USER_SCRIPT_SANDBOXING = YES;
				GCC_C_LANGUAGE_STANDARD = gnu17;
				GCC_NO_COMMON_BLOCKS = YES;
				GCC_WARN_64_TO_32_BIT_CONVERSION = YES;
				GCC_WARN_ABOUT_RETURN_TYPE = YES_ERROR;
				GCC_WARN_UNDECLARED_SELECTOR = YES;
				GCC_WARN_UNINITIALIZED_AUTOS = YES_AGGRESSIVE;
				GCC_WARN_UNUSED_FUNCTION = YES;
				GCC_WARN_UNUSED_VARIABLE = YES;
				IPHONEOS_DEPLOYMENT_TARGET = 17.0;
				LOCALIZATION_PREFERS_STRING_CATALOGS = YES;
				MTL_ENABLE_DEBUG_INFO = NO;
				MTL_FAST_MATH = YES;
				SDKROOT = iphoneos;
				SWIFT_COMPILATION_MODE = wholemodule;
				VALIDATE_PRODUCT = YES;
			};
			name = Release;
		};
		02A42B102AFA9364005C9F64 /* Debug */ = {
			isa = XCBuildConfiguration;
			buildSettings = {
				ASSETCATALOG_COMPILER_APPICON_NAME = AppIcon;
				ASSETCATALOG_COMPILER_GLOBAL_ACCENT_COLOR_NAME = AccentColor;
				CODE_SIGN_STYLE = Automatic;
				CURRENT_PROJECT_VERSION = 1;
				DEVELOPMENT_ASSET_PATHS = "\"ExampleProject/Preview Content\"";
				DEVELOPMENT_TEAM = 68223M5AWX;
				ENABLE_PREVIEWS = YES;
				GENERATE_INFOPLIST_FILE = YES;
				INFOPLIST_KEY_UIApplicationSceneManifest_Generation = YES;
				INFOPLIST_KEY_UIApplicationSupportsIndirectInputEvents = YES;
				INFOPLIST_KEY_UILaunchScreen_Generation = YES;
				INFOPLIST_KEY_UISupportedInterfaceOrientations_iPad = "UIInterfaceOrientationPortrait UIInterfaceOrientationPortraitUpsideDown UIInterfaceOrientationLandscapeLeft UIInterfaceOrientationLandscapeRight";
				INFOPLIST_KEY_UISupportedInterfaceOrientations_iPhone = "UIInterfaceOrientationPortrait UIInterfaceOrientationLandscapeLeft UIInterfaceOrientationLandscapeRight";
				LD_RUNPATH_SEARCH_PATHS = (
					"$(inherited)",
					"@executable_path/Frameworks",
				);
				MARKETING_VERSION = 1.0;
				PRODUCT_BUNDLE_IDENTIFIER = com.patrikCesnek.ExampleProject;
				PRODUCT_NAME = "$(TARGET_NAME)";
				SWIFT_EMIT_LOC_STRINGS = YES;
				SWIFT_VERSION = 5.0;
				TARGETED_DEVICE_FAMILY = "1,2";
			};
			name = Debug;
		};
		02A42B112AFA9364005C9F64 /* Release */ = {
			isa = XCBuildConfiguration;
			buildSettings = {
				ASSETCATALOG_COMPILER_APPICON_NAME = AppIcon;
				ASSETCATALOG_COMPILER_GLOBAL_ACCENT_COLOR_NAME = AccentColor;
				CODE_SIGN_STYLE = Automatic;
				CURRENT_PROJECT_VERSION = 1;
				DEVELOPMENT_ASSET_PATHS = "\"ExampleProject/Preview Content\"";
				DEVELOPMENT_TEAM = 68223M5AWX;
				ENABLE_PREVIEWS = YES;
				GENERATE_INFOPLIST_FILE = YES;
				INFOPLIST_KEY_UIApplicationSceneManifest_Generation = YES;
				INFOPLIST_KEY_UIApplicationSupportsIndirectInputEvents = YES;
				INFOPLIST_KEY_UILaunchScreen_Generation = YES;
				INFOPLIST_KEY_UISupportedInterfaceOrientations_iPad = "UIInterfaceOrientationPortrait UIInterfaceOrientationPortraitUpsideDown UIInterfaceOrientationLandscapeLeft UIInterfaceOrientationLandscapeRight";
				INFOPLIST_KEY_UISupportedInterfaceOrientations_iPhone = "UIInterfaceOrientationPortrait UIInterfaceOrientationLandscapeLeft UIInterfaceOrientationLandscapeRight";
				LD_RUNPATH_SEARCH_PATHS = (
					"$(inherited)",
					"@executable_path/Frameworks",
				);
				MARKETING_VERSION = 1.0;
				PRODUCT_BUNDLE_IDENTIFIER = com.patrikCesnek.ExampleProject;
				PRODUCT_NAME = "$(TARGET_NAME)";
				SWIFT_EMIT_LOC_STRINGS = YES;
				SWIFT_VERSION = 5.0;
				TARGETED_DEVICE_FAMILY = "1,2";
			};
			name = Release;
		};
		02A42B132AFA9364005C9F64 /* Debug */ = {
			isa = XCBuildConfiguration;
			buildSettings = {
				ALWAYS_EMBED_SWIFT_STANDARD_LIBRARIES = YES;
				BUNDLE_LOADER = "$(TEST_HOST)";
				CODE_SIGN_STYLE = Automatic;
				CURRENT_PROJECT_VERSION = 1;
				DEVELOPMENT_TEAM = 68223M5AWX;
				GENERATE_INFOPLIST_FILE = YES;
				IPHONEOS_DEPLOYMENT_TARGET = 17.0;
				MARKETING_VERSION = 1.0;
				PRODUCT_BUNDLE_IDENTIFIER = com.patrikCesnek.ExampleProjectTests;
				PRODUCT_NAME = "$(TARGET_NAME)";
				SWIFT_EMIT_LOC_STRINGS = NO;
				SWIFT_VERSION = 5.0;
				TARGETED_DEVICE_FAMILY = "1,2";
				TEST_HOST = "$(BUILT_PRODUCTS_DIR)/ExampleProject.app/$(BUNDLE_EXECUTABLE_FOLDER_PATH)/ExampleProject";
			};
			name = Debug;
		};
		02A42B142AFA9364005C9F64 /* Release */ = {
			isa = XCBuildConfiguration;
			buildSettings = {
				ALWAYS_EMBED_SWIFT_STANDARD_LIBRARIES = YES;
				BUNDLE_LOADER = "$(TEST_HOST)";
				CODE_SIGN_STYLE = Automatic;
				CURRENT_PROJECT_VERSION = 1;
				DEVELOPMENT_TEAM = 68223M5AWX;
				GENERATE_INFOPLIST_FILE = YES;
				IPHONEOS_DEPLOYMENT_TARGET = 17.0;
				MARKETING_VERSION = 1.0;
				PRODUCT_BUNDLE_IDENTIFIER = com.patrikCesnek.ExampleProjectTests;
				PRODUCT_NAME = "$(TARGET_NAME)";
				SWIFT_EMIT_LOC_STRINGS = NO;
				SWIFT_VERSION = 5.0;
				TARGETED_DEVICE_FAMILY = "1,2";
				TEST_HOST = "$(BUILT_PRODUCTS_DIR)/ExampleProject.app/$(BUNDLE_EXECUTABLE_FOLDER_PATH)/ExampleProject";
			};
			name = Release;
		};
		02A42B162AFA9364005C9F64 /* Debug */ = {
			isa = XCBuildConfiguration;
			buildSettings = {
				ALWAYS_EMBED_SWIFT_STANDARD_LIBRARIES = YES;
				CODE_SIGN_STYLE = Automatic;
				CURRENT_PROJECT_VERSION = 1;
				DEVELOPMENT_TEAM = 68223M5AWX;
				GENERATE_INFOPLIST_FILE = YES;
				MARKETING_VERSION = 1.0;
				PRODUCT_BUNDLE_IDENTIFIER = com.patrikCesnek.ExampleProjectUITests;
				PRODUCT_NAME = "$(TARGET_NAME)";
				SWIFT_EMIT_LOC_STRINGS = NO;
				SWIFT_VERSION = 5.0;
				TARGETED_DEVICE_FAMILY = "1,2";
				TEST_TARGET_NAME = ExampleProject;
			};
			name = Debug;
		};
		02A42B172AFA9364005C9F64 /* Release */ = {
			isa = XCBuildConfiguration;
			buildSettings = {
				ALWAYS_EMBED_SWIFT_STANDARD_LIBRARIES = YES;
				CODE_SIGN_STYLE = Automatic;
				CURRENT_PROJECT_VERSION = 1;
				DEVELOPMENT_TEAM = 68223M5AWX;
				GENERATE_INFOPLIST_FILE = YES;
				MARKETING_VERSION = 1.0;
				PRODUCT_BUNDLE_IDENTIFIER = com.patrikCesnek.ExampleProjectUITests;
				PRODUCT_NAME = "$(TARGET_NAME)";
				SWIFT_EMIT_LOC_STRINGS = NO;
				SWIFT_VERSION = 5.0;
				TARGETED_DEVICE_FAMILY = "1,2";
				TEST_TARGET_NAME = ExampleProject;
			};
			name = Release;
		};
/* End XCBuildConfiguration section */

/* Begin XCConfigurationList section */
		02A42AE62AFA9363005C9F64 /* Build configuration list for PBXProject "ExampleProject" */ = {
			isa = XCConfigurationList;
			buildConfigurations = (
				02A42B0D2AFA9364005C9F64 /* Debug */,
				02A42B0E2AFA9364005C9F64 /* Release */,
			);
			defaultConfigurationIsVisible = 0;
			defaultConfigurationName = Release;
		};
		02A42B0F2AFA9364005C9F64 /* Build configuration list for PBXNativeTarget "ExampleProject" */ = {
			isa = XCConfigurationList;
			buildConfigurations = (
				02A42B102AFA9364005C9F64 /* Debug */,
				02A42B112AFA9364005C9F64 /* Release */,
			);
			defaultConfigurationIsVisible = 0;
			defaultConfigurationName = Release;
		};
		02A42B122AFA9364005C9F64 /* Build configuration list for PBXNativeTarget "ExampleProjectTests" */ = {
			isa = XCConfigurationList;
			buildConfigurations = (
				02A42B132AFA9364005C9F64 /* Debug */,
				02A42B142AFA9364005C9F64 /* Release */,
			);
			defaultConfigurationIsVisible = 0;
			defaultConfigurationName = Release;
		};
		02A42B152AFA9364005C9F64 /* Build configuration list for PBXNativeTarget "ExampleProjectUITests" */ = {
			isa = XCConfigurationList;
			buildConfigurations = (
				02A42B162AFA9364005C9F64 /* Debug */,
				02A42B172AFA9364005C9F64 /* Release */,
			);
			defaultConfigurationIsVisible = 0;
			defaultConfigurationName = Release;
		};
/* End XCConfigurationList section */
	};
	rootObject = 02A42AE32AFA9363005C9F64 /* Project object */;
}
